
Microsoft Visual Studio Solution File, Format Version 12.00
# Visual Studio Version 17
VisualStudioVersion = 17.0.32126.317
MinimumVisualStudioVersion = 10.0.40219.1
Project("{FAE04EC0-301F-11D3-BF4B-00C04F79EFBC}") = "CrudDotNetCore", "CrudDotNetCore.csproj", "{7FB23ABA-13CC-49FD-8CD4-F9416D03BDAF}"
EndProject
Global
	GlobalSection(SolutionConfigurationPlatforms) = preSolution
		Debug|Any CPU = Debug|Any CPU
		Release|Any CPU = Release|Any CPU
	EndGlobalSection
	GlobalSection(ProjectConfigurationPlatforms) = postSolution
		{7FB23ABA-13CC-49FD-8CD4-F9416D03BDAF}.Debug|Any CPU.ActiveCfg = Debug|Any CPU
		{7FB23ABA-13CC-49FD-8CD4-F9416D03BDAF}.Debug|Any CPU.Build.0 = Debug|Any CPU
		{7FB23ABA-13CC-49FD-8CD4-F9416D03BDAF}.Release|Any CPU.ActiveCfg = Release|Any CPU
		{7FB23ABA-13CC-49FD-8CD4-F9416D03BDAF}.Release|Any CPU.Build.0 = Release|Any CPU
	EndGlobalSection
	GlobalSection(SolutionProperties) = preSolution
		HideSolutionNode = FALSE
	EndGlobalSection
	GlobalSection(ExtensibilityGlobals) = postSolution
		SolutionGuid = {B5E39715-F022-48C4-9075-FCA570BD8FEC}
	EndGlobalSection
EndGlobal
